
Microsoft Visual Studio Solution File, Format Version 12.00
# Visual Studio Version 17
VisualStudioVersion = 17.11.35327.3
MinimumVisualStudioVersion = 10.0.40219.1
Project("{FAE04EC0-301F-11D3-BF4B-00C04F79EFBC}") = "Bootstrap5Sass", "Bootstrap5Sass\Bootstrap5Sass.csproj", "{4BBFAAD9-8255-420F-84E6-AF9CA489F359}"
EndProject
Global
	GlobalSection(SolutionConfigurationPlatforms) = preSolution
		Debug|Any CPU = Debug|Any CPU
		Release|Any CPU = Release|Any CPU
	EndGlobalSection
	GlobalSection(ProjectConfigurationPlatforms) = postSolution
		{4BBFAAD9-8255-420F-84E6-AF9CA489F359}.Debug|Any CPU.ActiveCfg = Debug|Any CPU
		{4BBFAAD9-8255-420F-84E6-AF9CA489F359}.Debug|Any CPU.Build.0 = Debug|Any CPU
		{4BBFAAD9-8255-420F-84E6-AF9CA489F359}.Release|Any CPU.ActiveCfg = Release|Any CPU
		{4BBFAAD9-8255-420F-84E6-AF9CA489F359}.Release|Any CPU.Build.0 = Release|Any CPU
	EndGlobalSection
	GlobalSection(SolutionProperties) = preSolution
		HideSolutionNode = FALSE
	EndGlobalSection
	GlobalSection(ExtensibilityGlobals) = postSolution
		SolutionGuid = {4B2ADCA3-2C98-46B5-8887-9CCA2441BE31}
	EndGlobalSection
EndGlobal
